// !$*UTF8*$!
{
	archiveVersion = 1;
	classes = {
	};
	objectVersion = 50;
	objects = {

/* Begin PBXBuildFile section */
		62344A19089EF56EF713721E /* Pods_collectionView.framework in Frameworks */ = {isa = PBXBuildFile; fileRef = D9CC026BB22A006AD652EC90 /* Pods_collectionView.framework */; };
		7DDD695321A2A312007B4F6C /* AppDelegate.swift in Sources */ = {isa = PBXBuildFile; fileRef = 7DDD695221A2A312007B4F6C /* AppDelegate.swift */; };
		7DDD695521A2A312007B4F6C /* ViewController.swift in Sources */ = {isa = PBXBuildFile; fileRef = 7DDD695421A2A312007B4F6C /* ViewController.swift */; };
		7DDD695821A2A312007B4F6C /* Main.storyboard in Resources */ = {isa = PBXBuildFile; fileRef = 7DDD695621A2A312007B4F6C /* Main.storyboard */; };
		7DDD695A21A2A313007B4F6C /* Assets.xcassets in Resources */ = {isa = PBXBuildFile; fileRef = 7DDD695921A2A313007B4F6C /* Assets.xcassets */; };
		7DDD695D21A2A313007B4F6C /* LaunchScreen.storyboard in Resources */ = {isa = PBXBuildFile; fileRef = 7DDD695B21A2A313007B4F6C /* LaunchScreen.storyboard */; };
		7DDD696521A2A845007B4F6C /* MenuCollectionViewCell.swift in Sources */ = {isa = PBXBuildFile; fileRef = 7DDD696421A2A845007B4F6C /* MenuCollectionViewCell.swift */; };
		7DDD696821A2A9D7007B4F6C /* Menu.swift in Sources */ = {isa = PBXBuildFile; fileRef = 7DDD696721A2A9D7007B4F6C /* Menu.swift */; };
/* End PBXBuildFile section */

/* Begin PBXFileReference section */
		7DDD694F21A2A312007B4F6C /* collectionView.app */ = {isa = PBXFileReference; explicitFileType = wrapper.application; includeInIndex = 0; path = collectionView.app; sourceTree = BUILT_PRODUCTS_DIR; };
		7DDD695221A2A312007B4F6C /* AppDelegate.swift */ = {isa = PBXFileReference; lastKnownFileType = sourcecode.swift; path = AppDelegate.swift; sourceTree = "<group>"; };
		7DDD695421A2A312007B4F6C /* ViewController.swift */ = {isa = PBXFileReference; lastKnownFileType = sourcecode.swift; path = ViewController.swift; sourceTree = "<group>"; };
		7DDD695721A2A312007B4F6C /* Base */ = {isa = PBXFileReference; lastKnownFileType = file.storyboard; name = Base; path = Base.lproj/Main.storyboard; sourceTree = "<group>"; };
		7DDD695921A2A313007B4F6C /* Assets.xcassets */ = {isa = PBXFileReference; lastKnownFileType = folder.assetcatalog; path = Assets.xcassets; sourceTree = "<group>"; };
		7DDD695C21A2A313007B4F6C /* Base */ = {isa = PBXFileReference; lastKnownFileType = file.storyboard; name = Base; path = Base.lproj/LaunchScreen.storyboard; sourceTree = "<group>"; };
		7DDD695E21A2A313007B4F6C /* Info.plist */ = {isa = PBXFileReference; lastKnownFileType = text.plist.xml; path = Info.plist; sourceTree = "<group>"; };
		7DDD696421A2A845007B4F6C /* MenuCollectionViewCell.swift */ = {isa = PBXFileReference; lastKnownFileType = sourcecode.swift; path = MenuCollectionViewCell.swift; sourceTree = "<group>"; };
		7DDD696721A2A9D7007B4F6C /* Menu.swift */ = {isa = PBXFileReference; lastKnownFileType = sourcecode.swift; path = Menu.swift; sourceTree = "<group>"; };
		D9CC026BB22A006AD652EC90 /* Pods_collectionView.framework */ = {isa = PBXFileReference; explicitFileType = wrapper.framework; includeInIndex = 0; path = Pods_collectionView.framework; sourceTree = BUILT_PRODUCTS_DIR; };
		E974A6BD1B80DBC1CEE83DBC /* Pods-collectionView.release.xcconfig */ = {isa = PBXFileReference; includeInIndex = 1; lastKnownFileType = text.xcconfig; name = "Pods-collectionView.release.xcconfig"; path = "Pods/Target Support Files/Pods-collectionView/Pods-collectionView.release.xcconfig"; sourceTree = "<group>"; };
		FE5DACEA96173AA8C2AF2C38 /* Pods-collectionView.debug.xcconfig */ = {isa = PBXFileReference; includeInIndex = 1; lastKnownFileType = text.xcconfig; name = "Pods-collectionView.debug.xcconfig"; path = "Pods/Target Support Files/Pods-collectionView/Pods-collectionView.debug.xcconfig"; sourceTree = "<group>"; };
/* End PBXFileReference section */

/* Begin PBXFrameworksBuildPhase section */
		7DDD694C21A2A312007B4F6C /* Frameworks */ = {
			isa = PBXFrameworksBuildPhase;
			buildActionMask = 2147483647;
			files = (
				62344A19089EF56EF713721E /* Pods_collectionView.framework in Frameworks */,
			);
			runOnlyForDeploymentPostprocessing = 0;
		};
/* End PBXFrameworksBuildPhase section */

/* Begin PBXGroup section */
		7DDD694621A2A312007B4F6C = {
			isa = PBXGroup;
			children = (
				7DDD695121A2A312007B4F6C /* collectionView */,
				7DDD695021A2A312007B4F6C /* Products */,
				845834C55076F4EA6BE43FBD /* Pods */,
				87318B07C4915A0B6F337B4B /* Frameworks */,
			);
			sourceTree = "<group>";
		};
		7DDD695021A2A312007B4F6C /* Products */ = {
			isa = PBXGroup;
			children = (
				7DDD694F21A2A312007B4F6C /* collectionView.app */,
			);
			name = Products;
			sourceTree = "<group>";
		};
		7DDD695121A2A312007B4F6C /* collectionView */ = {
			isa = PBXGroup;
			children = (
				7DDD695221A2A312007B4F6C /* AppDelegate.swift */,
				7DDD695421A2A312007B4F6C /* ViewController.swift */,
				7DDD695621A2A312007B4F6C /* Main.storyboard */,
				7DDD696621A2A85F007B4F6C /* View */,
				7DDD695921A2A313007B4F6C /* Assets.xcassets */,
				7DDD695B21A2A313007B4F6C /* LaunchScreen.storyboard */,
				7DDD695E21A2A313007B4F6C /* Info.plist */,
				7DDD696721A2A9D7007B4F6C /* Menu.swift */,
			);
			path = collectionView;
			sourceTree = "<group>";
		};
		7DDD696621A2A85F007B4F6C /* View */ = {
			isa = PBXGroup;
			children = (
				7DDD696421A2A845007B4F6C /* MenuCollectionViewCell.swift */,
			);
			path = View;
			sourceTree = "<group>";
		};
		845834C55076F4EA6BE43FBD /* Pods */ = {
			isa = PBXGroup;
			children = (
				FE5DACEA96173AA8C2AF2C38 /* Pods-collectionView.debug.xcconfig */,
				E974A6BD1B80DBC1CEE83DBC /* Pods-collectionView.release.xcconfig */,
			);
			name = Pods;
			sourceTree = "<group>";
		};
		87318B07C4915A0B6F337B4B /* Frameworks */ = {
			isa = PBXGroup;
			children = (
				D9CC026BB22A006AD652EC90 /* Pods_collectionView.framework */,
			);
			name = Frameworks;
			sourceTree = "<group>";
		};
/* End PBXGroup section */

/* Begin PBXNativeTarget section */
		7DDD694E21A2A312007B4F6C /* collectionView */ = {
			isa = PBXNativeTarget;
			buildConfigurationList = 7DDD696121A2A313007B4F6C /* Build configuration list for PBXNativeTarget "collectionView" */;
			buildPhases = (
				2ED29B12387B264FD39E67B2 /* [CP] Check Pods Manifest.lock */,
				7DDD694B21A2A312007B4F6C /* Sources */,
				7DDD694C21A2A312007B4F6C /* Frameworks */,
				7DDD694D21A2A312007B4F6C /* Resources */,
				DE636B16FD5775D4AD35DEA8 /* [CP] Embed Pods Frameworks */,
			);
			buildRules = (
			);
			dependencies = (
			);
			name = collectionView;
			productName = collectionView;
			productReference = 7DDD694F21A2A312007B4F6C /* collectionView.app */;
			productType = "com.apple.product-type.application";
		};
/* End PBXNativeTarget section */

/* Begin PBXProject section */
		7DDD694721A2A312007B4F6C /* Project object */ = {
			isa = PBXProject;
			attributes = {
				LastSwiftUpdateCheck = 1000;
				LastUpgradeCheck = 1000;
				ORGANIZATIONNAME = bmstu;
				TargetAttributes = {
					7DDD694E21A2A312007B4F6C = {
						CreatedOnToolsVersion = 10.0;
					};
				};
			};
			buildConfigurationList = 7DDD694A21A2A312007B4F6C /* Build configuration list for PBXProject "collectionView" */;
			compatibilityVersion = "Xcode 9.3";
			developmentRegion = en;
			hasScannedForEncodings = 0;
			knownRegions = (
				en,
				Base,
			);
			mainGroup = 7DDD694621A2A312007B4F6C;
			productRefGroup = 7DDD695021A2A312007B4F6C /* Products */;
			projectDirPath = "";
			projectRoot = "";
			targets = (
				7DDD694E21A2A312007B4F6C /* collectionView */,
			);
		};
/* End PBXProject section */

/* Begin PBXResourcesBuildPhase section */
		7DDD694D21A2A312007B4F6C /* Resources */ = {
			isa = PBXResourcesBuildPhase;
			buildActionMask = 2147483647;
			files = (
				7DDD695D21A2A313007B4F6C /* LaunchScreen.storyboard in Resources */,
				7DDD695A21A2A313007B4F6C /* Assets.xcassets in Resources */,
				7DDD695821A2A312007B4F6C /* Main.storyboard in Resources */,
			);
			runOnlyForDeploymentPostprocessing = 0;
		};
/* End PBXResourcesBuildPhase section */

/* Begin PBXShellScriptBuildPhase section */
		2ED29B12387B264FD39E67B2 /* [CP] Check Pods Manifest.lock */ = {
			isa = PBXShellScriptBuildPhase;
			buildActionMask = 2147483647;
			files = (
			);
			inputFileListPaths = (
			);
			inputPaths = (
				"${PODS_PODFILE_DIR_PATH}/Podfile.lock",
				"${PODS_ROOT}/Manifest.lock",
			);
			name = "[CP] Check Pods Manifest.lock";
			outputFileListPaths = (
			);
			outputPaths = (
				"$(DERIVED_FILE_DIR)/Pods-collectionView-checkManifestLockResult.txt",
			);
			runOnlyForDeploymentPostprocessing = 0;
			shellPath = /bin/sh;
			shellScript = "diff \"${PODS_PODFILE_DIR_PATH}/Podfile.lock\" \"${PODS_ROOT}/Manifest.lock\" > /dev/null\nif [ $? != 0 ] ; then\n    # print error to STDERR\n    echo \"error: The sandbox is not in sync with the Podfile.lock. Run 'pod install' or update your CocoaPods installation.\" >&2\n    exit 1\nfi\n# This output is used by Xcode 'outputs' to avoid re-running this script phase.\necho \"SUCCESS\" > \"${SCRIPT_OUTPUT_FILE_0}\"\n";
			showEnvVarsInLog = 0;
		};
		DE636B16FD5775D4AD35DEA8 /* [CP] Embed Pods Frameworks */ = {
			isa = PBXShellScriptBuildPhase;
			buildActionMask = 2147483647;
			files = (
			);
			inputFileListPaths = (
			);
			inputPaths = (
				"${SRCROOT}/Pods/Target Support Files/Pods-collectionView/Pods-collectionView-frameworks.sh",
				"${BUILT_PRODUCTS_DIR}/Alamofire/Alamofire.framework",
			);
			name = "[CP] Embed Pods Frameworks";
			outputFileListPaths = (
			);
			outputPaths = (
				"${TARGET_BUILD_DIR}/${FRAMEWORKS_FOLDER_PATH}/Alamofire.framework",
			);
			runOnlyForDeploymentPostprocessing = 0;
			shellPath = /bin/sh;
			shellScript = "\"${SRCROOT}/Pods/Target Support Files/Pods-collectionView/Pods-collectionView-frameworks.sh\"\n";
			showEnvVarsInLog = 0;
		};
/* End PBXShellScriptBuildPhase section */

/* Begin PBXSourcesBuildPhase section */
		7DDD694B21A2A312007B4F6C /* Sources */ = {
			isa = PBXSourcesBuildPhase;
			buildActionMask = 2147483647;
			files = (
				7DDD695521A2A312007B4F6C /* ViewController.swift in Sources */,
				7DDD695321A2A312007B4F6C /* AppDelegate.swift in Sources */,
				7DDD696821A2A9D7007B4F6C /* Menu.swift in Sources */,
				7DDD696521A2A845007B4F6C /* MenuCollectionViewCell.swift in Sources */,
			);
			runOnlyForDeploymentPostprocessing = 0;
		};
/* End PBXSourcesBuildPhase section */

/* Begin PBXVariantGroup section */
		7DDD695621A2A312007B4F6C /* Main.storyboard */ = {
			isa = PBXVariantGroup;
			children = (
				7DDD695721A2A312007B4F6C /* Base */,
			);
			name = Main.storyboard;
			sourceTree = "<group>";
		};
		7DDD695B21A2A313007B4F6C /* LaunchScreen.storyboard */ = {
			isa = PBXVariantGroup;
			children = (
				7DDD695C21A2A313007B4F6C /* Base */,
			);
			name = LaunchScreen.storyboard;
			sourceTree = "<group>";
		};
/* End PBXVariantGroup section */

/* Begin XCBuildConfiguration section */
		7DDD695F21A2A313007B4F6C /* Debug */ = {
			isa = XCBuildConfiguration;
			buildSettings = {
				ALWAYS_SEARCH_USER_PATHS = NO;
				CLANG_ANALYZER_NONNULL = YES;
				CLANG_ANALYZER_NUMBER_OBJECT_CONVERSION = YES_AGGRESSIVE;
				CLANG_CXX_LANGUAGE_STANDARD = "gnu++14";
				CLANG_CXX_LIBRARY = "libc++";
				CLANG_ENABLE_MODULES = YES;
				CLANG_ENABLE_OBJC_ARC = YES;
				CLANG_ENABLE_OBJC_WEAK = YES;
				CLANG_WARN_BLOCK_CAPTURE_AUTORELEASING = YES;
				CLANG_WARN_BOOL_CONVERSION = YES;
				CLANG_WARN_COMMA = YES;
				CLANG_WARN_CONSTANT_CONVERSION = YES;
				CLANG_WARN_DEPRECATED_OBJC_IMPLEMENTATIONS = YES;
				CLANG_WARN_DIRECT_OBJC_ISA_USAGE = YES_ERROR;
				CLANG_WARN_DOCUMENTATION_COMMENTS = YES;
				CLANG_WARN_EMPTY_BODY = YES;
				CLANG_WARN_ENUM_CONVERSION = YES;
				CLANG_WARN_INFINITE_RECURSION = YES;
				CLANG_WARN_INT_CONVERSION = YES;
				CLANG_WARN_NON_LITERAL_NULL_CONVERSION = YES;
				CLANG_WARN_OBJC_IMPLICIT_RETAIN_SELF = YES;
				CLANG_WARN_OBJC_LITERAL_CONVERSION = YES;
				CLANG_WARN_OBJC_ROOT_CLASS = YES_ERROR;
				CLANG_WARN_RANGE_LOOP_ANALYSIS = YES;
				CLANG_WARN_STRICT_PROTOTYPES = YES;
				CLANG_WARN_SUSPICIOUS_MOVE = YES;
				CLANG_WARN_UNGUARDED_AVAILABILITY = YES_AGGRESSIVE;
				CLANG_WARN_UNREACHABLE_CODE = YES;
				CLANG_WARN__DUPLICATE_METHOD_MATCH = YES;
				CODE_SIGN_IDENTITY = "iPhone Developer";
				COPY_PHASE_STRIP = NO;
				DEBUG_INFORMATION_FORMAT = dwarf;
				ENABLE_STRICT_OBJC_MSGSEND = YES;
				ENABLE_TESTABILITY = YES;
				GCC_C_LANGUAGE_STANDARD = gnu11;
				GCC_DYNAMIC_NO_PIC = NO;
				GCC_NO_COMMON_BLOCKS = YES;
				GCC_OPTIMIZATION_LEVEL = 0;
				GCC_PREPROCESSOR_DEFINITIONS = (
					"DEBUG=1",
					"$(inherited)",
				);
				GCC_WARN_64_TO_32_BIT_CONVERSION = YES;
				GCC_WARN_ABOUT_RETURN_TYPE = YES_ERROR;
				GCC_WARN_UNDECLARED_SELECTOR = YES;
				GCC_WARN_UNINITIALIZED_AUTOS = YES_AGGRESSIVE;
				GCC_WARN_UNUSED_FUNCTION = YES;
				GCC_WARN_UNUSED_VARIABLE = YES;
				IPHONEOS_DEPLOYMENT_TARGET = 12.0;
				MTL_ENABLE_DEBUG_INFO = INCLUDE_SOURCE;
				MTL_FAST_MATH = YES;
				ONLY_ACTIVE_ARCH = YES;
				SDKROOT = iphoneos;
				SWIFT_ACTIVE_COMPILATION_CONDITIONS = DEBUG;
				SWIFT_OPTIMIZATION_LEVEL = "-Onone";
			};
			name = Debug;
		};
		7DDD696021A2A313007B4F6C /* Release */ = {
			isa = XCBuildConfiguration;
			buildSettings = {
				ALWAYS_SEARCH_USER_PATHS = NO;
				CLANG_ANALYZER_NONNULL = YES;
				CLANG_ANALYZER_NUMBER_OBJECT_CONVERSION = YES_AGGRESSIVE;
				CLANG_CXX_LANGUAGE_STANDARD = "gnu++14";
				CLANG_CXX_LIBRARY = "libc++";
				CLANG_ENABLE_MODULES = YES;
				CLANG_ENABLE_OBJC_ARC = YES;
				CLANG_ENABLE_OBJC_WEAK = YES;
				CLANG_WARN_BLOCK_CAPTURE_AUTORELEASING = YES;
				CLANG_WARN_BOOL_CONVERSION = YES;
				CLANG_WARN_COMMA = YES;
				CLANG_WARN_CONSTANT_CONVERSION = YES;
				CLANG_WARN_DEPRECATED_OBJC_IMPLEMENTATIONS = YES;
				CLANG_WARN_DIRECT_OBJC_ISA_USAGE = YES_ERROR;
				CLANG_WARN_DOCUMENTATION_COMMENTS = YES;
				CLANG_WARN_EMPTY_BODY = YES;
				CLANG_WARN_ENUM_CONVERSION = YES;
				CLANG_WARN_INFINITE_RECURSION = YES;
				CLANG_WARN_INT_CONVERSION = YES;
				CLANG_WARN_NON_LITERAL_NULL_CONVERSION = YES;
				CLANG_WARN_OBJC_IMPLICIT_RETAIN_SELF = YES;
				CLANG_WARN_OBJC_LITERAL_CONVERSION = YES;
				CLANG_WARN_OBJC_ROOT_CLASS = YES_ERROR;
				CLANG_WARN_RANGE_LOOP_ANALYSIS = YES;
				CLANG_WARN_STRICT_PROTOTYPES = YES;
				CLANG_WARN_SUSPICIOUS_MOVE = YES;
				CLANG_WARN_UNGUARDED_AVAILABILITY = YES_AGGRESSIVE;
				CLANG_WARN_UNREACHABLE_CODE = YES;
				CLANG_WARN__DUPLICATE_METHOD_MATCH = YES;
				CODE_SIGN_IDENTITY = "iPhone Developer";
				COPY_PHASE_STRIP = NO;
				DEBUG_INFORMATION_FORMAT = "dwarf-with-dsym";
				ENABLE_NS_ASSERTIONS = NO;
				ENABLE_STRICT_OBJC_MSGSEND = YES;
				GCC_C_LANGUAGE_STANDARD = gnu11;
				GCC_NO_COMMON_BLOCKS = YES;
				GCC_WARN_64_TO_32_BIT_CONVERSION = YES;
				GCC_WARN_ABOUT_RETURN_TYPE = YES_ERROR;
				GCC_WARN_UNDECLARED_SELECTOR = YES;
				GCC_WARN_UNINITIALIZED_AUTOS = YES_AGGRESSIVE;
				GCC_WARN_UNUSED_FUNCTION = YES;
				GCC_WARN_UNUSED_VARIABLE = YES;
				IPHONEOS_DEPLOYMENT_TARGET = 12.0;
				MTL_ENABLE_DEBUG_INFO = NO;
				MTL_FAST_MATH = YES;
				SDKROOT = iphoneos;
				SWIFT_COMPILATION_MODE = wholemodule;
				SWIFT_OPTIMIZATION_LEVEL = "-O";
				VALIDATE_PRODUCT = YES;
			};
			name = Release;
		};
		7DDD696221A2A313007B4F6C /* Debug */ = {
			isa = XCBuildConfiguration;
			baseConfigurationReference = FE5DACEA96173AA8C2AF2C38 /* Pods-collectionView.debug.xcconfig */;
			buildSettings = {
				ASSETCATALOG_COMPILER_APPICON_NAME = AppIcon;
				CODE_SIGN_STYLE = Automatic;
				INFOPLIST_FILE = collectionView/Info.plist;
				LD_RUNPATH_SEARCH_PATHS = (
					"$(inherited)",
					"@executable_path/Frameworks",
				);
				PRODUCT_BUNDLE_IDENTIFIER = Zakirov.collectionView;
				PRODUCT_NAME = "$(TARGET_NAME)";
				SWIFT_VERSION = 4.2;
				TARGETED_DEVICE_FAMILY = "1,2";
			};
			name = Debug;
		};
		7DDD696321A2A313007B4F6C /* Release */ = {
			isa = XCBuildConfiguration;
			baseConfigurationReference = E974A6BD1B80DBC1CEE83DBC /* Pods-collectionView.release.xcconfig */;
			buildSettings = {
				ASSETCATALOG_COMPILER_APPICON_NAME = AppIcon;
				CODE_SIGN_STYLE = Automatic;
				INFOPLIST_FILE = collectionView/Info.plist;
				LD_RUNPATH_SEARCH_PATHS = (
					"$(inherited)",
					"@executable_path/Frameworks",
				);
				PRODUCT_BUNDLE_IDENTIFIER = Zakirov.collectionView;
				PRODUCT_NAME = "$(TARGET_NAME)";
				SWIFT_VERSION = 4.2;
				TARGETED_DEVICE_FAMILY = "1,2";
			};
			name = Release;
		};
/* End XCBuildConfiguration section */

/* Begin XCConfigurationList section */
		7DDD694A21A2A312007B4F6C /* Build configuration list for PBXProject "collectionView" */ = {
			isa = XCConfigurationList;
			buildConfigurations = (
				7DDD695F21A2A313007B4F6C /* Debug */,
				7DDD696021A2A313007B4F6C /* Release */,
			);
			defaultConfigurationIsVisible = 0;
			defaultConfigurationName = Release;
		};
		7DDD696121A2A313007B4F6C /* Build configuration list for PBXNativeTarget "collectionView" */ = {
			isa = XCConfigurationList;
			buildConfigurations = (
				7DDD696221A2A313007B4F6C /* Debug */,
				7DDD696321A2A313007B4F6C /* Release */,
			);
			defaultConfigurationIsVisible = 0;
			defaultConfigurationName = Release;
		};
/* End XCConfigurationList section */
	};
	rootObject = 7DDD694721A2A312007B4F6C /* Project object */;
}
